
Microsoft Visual Studio Solution File, Format Version 12.00
# Visual Studio Version 16
VisualStudioVersion = 16.0.30804.86
MinimumVisualStudioVersion = 10.0.40219.1
Project("{FAE04EC0-301F-11D3-BF4B-00C04F79EFBC}") = "DreamSky_Template", "DreamSky_Template\DreamSky_Template.csproj", "{CDA197D6-D695-435A-AD13-6BF041E672D4}"
EndProject
Global
	GlobalSection(SolutionConfigurationPlatforms) = preSolution
		Debug|Any CPU = Debug|Any CPU
		Release|Any CPU = Release|Any CPU
	EndGlobalSection
	GlobalSection(ProjectConfigurationPlatforms) = postSolution
		{CDA197D6-D695-435A-AD13-6BF041E672D4}.Debug|Any CPU.ActiveCfg = Debug|Any CPU
		{CDA197D6-D695-435A-AD13-6BF041E672D4}.Debug|Any CPU.Build.0 = Debug|Any CPU
		{CDA197D6-D695-435A-AD13-6BF041E672D4}.Release|Any CPU.ActiveCfg = Release|Any CPU
		{CDA197D6-D695-435A-AD13-6BF041E672D4}.Release|Any CPU.Build.0 = Release|Any CPU
	EndGlobalSection
	GlobalSection(SolutionProperties) = preSolution
		HideSolutionNode = FALSE
	EndGlobalSection
	GlobalSection(ExtensibilityGlobals) = postSolution
		SolutionGuid = {8B9A2666-5F7D-4B6B-8448-6C1E6D61E1FD}
	EndGlobalSection
EndGlobal
